
Microsoft Visual Studio Solution File, Format Version 12.00
# Visual Studio Version 17
VisualStudioVersion = 17.4.33213.308
MinimumVisualStudioVersion = 10.0.40219.1
Project("{FAE04EC0-301F-11D3-BF4B-00C04F79EFBC}") = "ProvaSitoASP", "ProvaSitoASP.csproj", "{ACB97363-5C19-4081-96A5-C0C9DF94E762}"
EndProject
Global
	GlobalSection(SolutionConfigurationPlatforms) = preSolution
		Debug|Any CPU = Debug|Any CPU
		Release|Any CPU = Release|Any CPU
	EndGlobalSection
	GlobalSection(ProjectConfigurationPlatforms) = postSolution
		{ACB97363-5C19-4081-96A5-C0C9DF94E762}.Debug|Any CPU.ActiveCfg = Debug|Any CPU
		{ACB97363-5C19-4081-96A5-C0C9DF94E762}.Debug|Any CPU.Build.0 = Debug|Any CPU
		{ACB97363-5C19-4081-96A5-C0C9DF94E762}.Release|Any CPU.ActiveCfg = Release|Any CPU
		{ACB97363-5C19-4081-96A5-C0C9DF94E762}.Release|Any CPU.Build.0 = Release|Any CPU
	EndGlobalSection
	GlobalSection(SolutionProperties) = preSolution
		HideSolutionNode = FALSE
	EndGlobalSection
	GlobalSection(ExtensibilityGlobals) = postSolution
		SolutionGuid = {88285A78-70B7-49F3-8829-88CD489893E0}
	EndGlobalSection
EndGlobal
